// !$*UTF8*$!
{
	archiveVersion = 1;
	classes = {
	};
	objectVersion = 56;
	objects = {

/* Begin PBXBuildFile section */
		17AD47662B244BE8007D99BC /* AppDelegate.swift in Sources */ = {isa = PBXBuildFile; fileRef = 17AD47652B244BE8007D99BC /* AppDelegate.swift */; };
		17AD47682B244BE8007D99BC /* SceneDelegate.swift in Sources */ = {isa = PBXBuildFile; fileRef = 17AD47672B244BE8007D99BC /* SceneDelegate.swift */; };
		17AD476F2B244BEE007D99BC /* Assets.xcassets in Resources */ = {isa = PBXBuildFile; fileRef = 17AD476E2B244BEE007D99BC /* Assets.xcassets */; };
		17AD47722B244BEE007D99BC /* LaunchScreen.storyboard in Resources */ = {isa = PBXBuildFile; fileRef = 17AD47702B244BEE007D99BC /* LaunchScreen.storyboard */; };
		17AD477B2B244D17007D99BC /* CustomTabBarViewController.swift in Sources */ = {isa = PBXBuildFile; fileRef = 17AD477A2B244D17007D99BC /* CustomTabBarViewController.swift */; };
		17AD477F2B244FB7007D99BC /* FeedViewController.swift in Sources */ = {isa = PBXBuildFile; fileRef = 17AD477E2B244FB7007D99BC /* FeedViewController.swift */; };
		17AD47812B244FC2007D99BC /* FeedViewModel.swift in Sources */ = {isa = PBXBuildFile; fileRef = 17AD47802B244FC2007D99BC /* FeedViewModel.swift */; };
		17AD47832B244FCE007D99BC /* FeedViewController.xib in Resources */ = {isa = PBXBuildFile; fileRef = 17AD47822B244FCE007D99BC /* FeedViewController.xib */; };
		17AD478A2B245130007D99BC /* BaseViewController.swift in Sources */ = {isa = PBXBuildFile; fileRef = 17AD47892B245130007D99BC /* BaseViewController.swift */; };
		17AD478D2B245246007D99BC /* FeedTableViewCell.swift in Sources */ = {isa = PBXBuildFile; fileRef = 17AD478C2B245246007D99BC /* FeedTableViewCell.swift */; };
		17AD478F2B24524D007D99BC /* FeedTableViewCell.xib in Resources */ = {isa = PBXBuildFile; fileRef = 17AD478E2B24524D007D99BC /* FeedTableViewCell.xib */; };
		17AD47912B24526E007D99BC /* BaseTableViewCell.swift in Sources */ = {isa = PBXBuildFile; fileRef = 17AD47902B24526E007D99BC /* BaseTableViewCell.swift */; };
		17AD47932B245503007D99BC /* Feed.swift in Sources */ = {isa = PBXBuildFile; fileRef = 17AD47922B245503007D99BC /* Feed.swift */; };
		17AD47952B2456A5007D99BC /* FavoritesViewController.swift in Sources */ = {isa = PBXBuildFile; fileRef = 17AD47942B2456A5007D99BC /* FavoritesViewController.swift */; };
		17AD47972B2456AC007D99BC /* FavoritesViewController.xib in Resources */ = {isa = PBXBuildFile; fileRef = 17AD47962B2456AC007D99BC /* FavoritesViewController.xib */; };
		17AD47992B2460B1007D99BC /* FavoritesViewModel.swift in Sources */ = {isa = PBXBuildFile; fileRef = 17AD47982B2460B1007D99BC /* FavoritesViewModel.swift */; };
		17AD479C2B2460FC007D99BC /* DetailViewController.swift in Sources */ = {isa = PBXBuildFile; fileRef = 17AD479B2B2460FC007D99BC /* DetailViewController.swift */; };
		17AD479E2B246106007D99BC /* DetailViewController.xib in Resources */ = {isa = PBXBuildFile; fileRef = 17AD479D2B246106007D99BC /* DetailViewController.xib */; };
		17AD47A02B24611F007D99BC /* DetailViewModel.swift in Sources */ = {isa = PBXBuildFile; fileRef = 17AD479F2B24611F007D99BC /* DetailViewModel.swift */; };
		17AD47A32B246736007D99BC /* FeedTableViewModel.swift in Sources */ = {isa = PBXBuildFile; fileRef = 17AD47A22B246736007D99BC /* FeedTableViewModel.swift */; };
		17AD47A62B248EC2007D99BC /* Coordinator.swift in Sources */ = {isa = PBXBuildFile; fileRef = 17AD47A52B248EC2007D99BC /* Coordinator.swift */; };
		17AD47A92B248F53007D99BC /* DetailCoordinator.swift in Sources */ = {isa = PBXBuildFile; fileRef = 17AD47A82B248F53007D99BC /* DetailCoordinator.swift */; };
		17AD47AB2B24D34F007D99BC /* BackRouting.swift in Sources */ = {isa = PBXBuildFile; fileRef = 17AD47AA2B24D34F007D99BC /* BackRouting.swift */; };
		17AD47AD2B256510007D99BC /* RequestManager.swift in Sources */ = {isa = PBXBuildFile; fileRef = 17AD47AC2B256510007D99BC /* RequestManager.swift */; };
		17AD47AF2B256716007D99BC /* NetworkError.swift in Sources */ = {isa = PBXBuildFile; fileRef = 17AD47AE2B256716007D99BC /* NetworkError.swift */; };
		17AD47B22B256E1E007D99BC /* UIViewControllerExtension.swift in Sources */ = {isa = PBXBuildFile; fileRef = 17AD47B12B256E1E007D99BC /* UIViewControllerExtension.swift */; };
		17AD47B52B25A8B7007D99BC /* StorageManager.swift in Sources */ = {isa = PBXBuildFile; fileRef = 17AD47B42B25A8B7007D99BC /* StorageManager.swift */; };
		17AD47B72B25A9BA007D99BC /* FeedRealmEntity.swift in Sources */ = {isa = PBXBuildFile; fileRef = 17AD47B62B25A9BA007D99BC /* FeedRealmEntity.swift */; };
		17AD47B92B25AC1F007D99BC /* FeedRealmRepository.swift in Sources */ = {isa = PBXBuildFile; fileRef = 17AD47B82B25AC1F007D99BC /* FeedRealmRepository.swift */; };
		17AD47BB2B260E35007D99BC /* EntityPlaceholder.swift in Sources */ = {isa = PBXBuildFile; fileRef = 17AD47BA2B260E34007D99BC /* EntityPlaceholder.swift */; };
		F0C64A8F19A2509ABCEF3F90 /* Pods_NewsTest.framework in Frameworks */ = {isa = PBXBuildFile; fileRef = D990AF31734EF2588622F14D /* Pods_NewsTest.framework */; };
/* End PBXBuildFile section */

/* Begin PBXFileReference section */
		17AD47622B244BE8007D99BC /* NewsTest.app */ = {isa = PBXFileReference; explicitFileType = wrapper.application; includeInIndex = 0; path = NewsTest.app; sourceTree = BUILT_PRODUCTS_DIR; };
		17AD47652B244BE8007D99BC /* AppDelegate.swift */ = {isa = PBXFileReference; lastKnownFileType = sourcecode.swift; path = AppDelegate.swift; sourceTree = "<group>"; };
		17AD47672B244BE8007D99BC /* SceneDelegate.swift */ = {isa = PBXFileReference; lastKnownFileType = sourcecode.swift; path = SceneDelegate.swift; sourceTree = "<group>"; };
		17AD476E2B244BEE007D99BC /* Assets.xcassets */ = {isa = PBXFileReference; lastKnownFileType = folder.assetcatalog; path = Assets.xcassets; sourceTree = "<group>"; };
		17AD47712B244BEE007D99BC /* Base */ = {isa = PBXFileReference; lastKnownFileType = file.storyboard; name = Base; path = Base.lproj/LaunchScreen.storyboard; sourceTree = "<group>"; };
		17AD47732B244BEE007D99BC /* Info.plist */ = {isa = PBXFileReference; lastKnownFileType = text.plist.xml; path = Info.plist; sourceTree = "<group>"; };
		17AD477A2B244D17007D99BC /* CustomTabBarViewController.swift */ = {isa = PBXFileReference; lastKnownFileType = sourcecode.swift; path = CustomTabBarViewController.swift; sourceTree = "<group>"; };
		17AD477E2B244FB7007D99BC /* FeedViewController.swift */ = {isa = PBXFileReference; lastKnownFileType = sourcecode.swift; path = FeedViewController.swift; sourceTree = "<group>"; };
		17AD47802B244FC2007D99BC /* FeedViewModel.swift */ = {isa = PBXFileReference; lastKnownFileType = sourcecode.swift; path = FeedViewModel.swift; sourceTree = "<group>"; };
		17AD47822B244FCE007D99BC /* FeedViewController.xib */ = {isa = PBXFileReference; lastKnownFileType = file.xib; path = FeedViewController.xib; sourceTree = "<group>"; };
		17AD47892B245130007D99BC /* BaseViewController.swift */ = {isa = PBXFileReference; lastKnownFileType = sourcecode.swift; path = BaseViewController.swift; sourceTree = "<group>"; };
		17AD478C2B245246007D99BC /* FeedTableViewCell.swift */ = {isa = PBXFileReference; lastKnownFileType = sourcecode.swift; path = FeedTableViewCell.swift; sourceTree = "<group>"; };
		17AD478E2B24524D007D99BC /* FeedTableViewCell.xib */ = {isa = PBXFileReference; lastKnownFileType = file.xib; path = FeedTableViewCell.xib; sourceTree = "<group>"; };
		17AD47902B24526E007D99BC /* BaseTableViewCell.swift */ = {isa = PBXFileReference; lastKnownFileType = sourcecode.swift; path = BaseTableViewCell.swift; sourceTree = "<group>"; };
		17AD47922B245503007D99BC /* Feed.swift */ = {isa = PBXFileReference; lastKnownFileType = sourcecode.swift; path = Feed.swift; sourceTree = "<group>"; };
		17AD47942B2456A5007D99BC /* FavoritesViewController.swift */ = {isa = PBXFileReference; lastKnownFileType = sourcecode.swift; path = FavoritesViewController.swift; sourceTree = "<group>"; };
		17AD47962B2456AC007D99BC /* FavoritesViewController.xib */ = {isa = PBXFileReference; lastKnownFileType = file.xib; path = FavoritesViewController.xib; sourceTree = "<group>"; };
		17AD47982B2460B1007D99BC /* FavoritesViewModel.swift */ = {isa = PBXFileReference; lastKnownFileType = sourcecode.swift; path = FavoritesViewModel.swift; sourceTree = "<group>"; };
		17AD479B2B2460FC007D99BC /* DetailViewController.swift */ = {isa = PBXFileReference; lastKnownFileType = sourcecode.swift; path = DetailViewController.swift; sourceTree = "<group>"; };
		17AD479D2B246106007D99BC /* DetailViewController.xib */ = {isa = PBXFileReference; lastKnownFileType = file.xib; path = DetailViewController.xib; sourceTree = "<group>"; };
		17AD479F2B24611F007D99BC /* DetailViewModel.swift */ = {isa = PBXFileReference; lastKnownFileType = sourcecode.swift; path = DetailViewModel.swift; sourceTree = "<group>"; };
		17AD47A22B246736007D99BC /* FeedTableViewModel.swift */ = {isa = PBXFileReference; lastKnownFileType = sourcecode.swift; path = FeedTableViewModel.swift; sourceTree = "<group>"; };
		17AD47A52B248EC2007D99BC /* Coordinator.swift */ = {isa = PBXFileReference; lastKnownFileType = sourcecode.swift; path = Coordinator.swift; sourceTree = "<group>"; };
		17AD47A82B248F53007D99BC /* DetailCoordinator.swift */ = {isa = PBXFileReference; lastKnownFileType = sourcecode.swift; path = DetailCoordinator.swift; sourceTree = "<group>"; };
		17AD47AA2B24D34F007D99BC /* BackRouting.swift */ = {isa = PBXFileReference; lastKnownFileType = sourcecode.swift; path = BackRouting.swift; sourceTree = "<group>"; };
		17AD47AC2B256510007D99BC /* RequestManager.swift */ = {isa = PBXFileReference; lastKnownFileType = sourcecode.swift; path = RequestManager.swift; sourceTree = "<group>"; };
		17AD47AE2B256716007D99BC /* NetworkError.swift */ = {isa = PBXFileReference; lastKnownFileType = sourcecode.swift; path = NetworkError.swift; sourceTree = "<group>"; };
		17AD47B12B256E1E007D99BC /* UIViewControllerExtension.swift */ = {isa = PBXFileReference; lastKnownFileType = sourcecode.swift; path = UIViewControllerExtension.swift; sourceTree = "<group>"; };
		17AD47B42B25A8B7007D99BC /* StorageManager.swift */ = {isa = PBXFileReference; lastKnownFileType = sourcecode.swift; path = StorageManager.swift; sourceTree = "<group>"; };
		17AD47B62B25A9BA007D99BC /* FeedRealmEntity.swift */ = {isa = PBXFileReference; lastKnownFileType = sourcecode.swift; path = FeedRealmEntity.swift; sourceTree = "<group>"; };
		17AD47B82B25AC1F007D99BC /* FeedRealmRepository.swift */ = {isa = PBXFileReference; lastKnownFileType = sourcecode.swift; path = FeedRealmRepository.swift; sourceTree = "<group>"; };
		17AD47BA2B260E34007D99BC /* EntityPlaceholder.swift */ = {isa = PBXFileReference; lastKnownFileType = sourcecode.swift; path = EntityPlaceholder.swift; sourceTree = "<group>"; };
		8D845669990E819154127737 /* Pods-NewsTest.release.xcconfig */ = {isa = PBXFileReference; includeInIndex = 1; lastKnownFileType = text.xcconfig; name = "Pods-NewsTest.release.xcconfig"; path = "Target Support Files/Pods-NewsTest/Pods-NewsTest.release.xcconfig"; sourceTree = "<group>"; };
		9FCD07FB23DC46D978C347D7 /* Pods-NewsTest.debug.xcconfig */ = {isa = PBXFileReference; includeInIndex = 1; lastKnownFileType = text.xcconfig; name = "Pods-NewsTest.debug.xcconfig"; path = "Target Support Files/Pods-NewsTest/Pods-NewsTest.debug.xcconfig"; sourceTree = "<group>"; };
		D990AF31734EF2588622F14D /* Pods_NewsTest.framework */ = {isa = PBXFileReference; explicitFileType = wrapper.framework; includeInIndex = 0; path = Pods_NewsTest.framework; sourceTree = BUILT_PRODUCTS_DIR; };
/* End PBXFileReference section */

/* Begin PBXFrameworksBuildPhase section */
		17AD475F2B244BE8007D99BC /* Frameworks */ = {
			isa = PBXFrameworksBuildPhase;
			buildActionMask = 2147483647;
			files = (
				F0C64A8F19A2509ABCEF3F90 /* Pods_NewsTest.framework in Frameworks */,
			);
			runOnlyForDeploymentPostprocessing = 0;
		};
/* End PBXFrameworksBuildPhase section */

/* Begin PBXGroup section */
		17AD47592B244BE8007D99BC = {
			isa = PBXGroup;
			children = (
				17AD47642B244BE8007D99BC /* NewsTest */,
				17AD47632B244BE8007D99BC /* Products */,
				65E981FD0273E972106E8B0E /* Pods */,
				B96884ABD303D91FB65BD758 /* Frameworks */,
			);
			sourceTree = "<group>";
		};
		17AD47632B244BE8007D99BC /* Products */ = {
			isa = PBXGroup;
			children = (
				17AD47622B244BE8007D99BC /* NewsTest.app */,
			);
			name = Products;
			sourceTree = "<group>";
		};
		17AD47642B244BE8007D99BC /* NewsTest */ = {
			isa = PBXGroup;
			children = (
				17AD47B02B256E07007D99BC /* Extensions */,
				17AD47882B245114007D99BC /* BaseComponents */,
				17AD47842B244FE5007D99BC /* Entities */,
				17AD47852B24501E007D99BC /* Flow */,
				17AD47792B244CFE007D99BC /* TabBar */,
				17AD47862B24502D007D99BC /* Modules */,
				17AD47B32B25A850007D99BC /* DataManager */,
				17AD47A12B24612A007D99BC /* Network */,
				17AD476E2B244BEE007D99BC /* Assets.xcassets */,
				17AD47702B244BEE007D99BC /* LaunchScreen.storyboard */,
				17AD47732B244BEE007D99BC /* Info.plist */,
			);
			path = NewsTest;
			sourceTree = "<group>";
		};
		17AD47792B244CFE007D99BC /* TabBar */ = {
			isa = PBXGroup;
			children = (
				17AD477A2B244D17007D99BC /* CustomTabBarViewController.swift */,
			);
			path = TabBar;
			sourceTree = "<group>";
		};
		17AD477C2B244EB4007D99BC /* FeedViewController */ = {
			isa = PBXGroup;
			children = (
				17AD478B2B245228007D99BC /* FeedTableViewCell */,
				17AD477E2B244FB7007D99BC /* FeedViewController.swift */,
				17AD47802B244FC2007D99BC /* FeedViewModel.swift */,
				17AD47822B244FCE007D99BC /* FeedViewController.xib */,
			);
			path = FeedViewController;
			sourceTree = "<group>";
		};
		17AD477D2B244ED3007D99BC /* FavoritesViewController */ = {
			isa = PBXGroup;
			children = (
				17AD47942B2456A5007D99BC /* FavoritesViewController.swift */,
				17AD47982B2460B1007D99BC /* FavoritesViewModel.swift */,
				17AD47962B2456AC007D99BC /* FavoritesViewController.xib */,
			);
			path = FavoritesViewController;
			sourceTree = "<group>";
		};
		17AD47842B244FE5007D99BC /* Entities */ = {
			isa = PBXGroup;
			children = (
				17AD47922B245503007D99BC /* Feed.swift */,
				17AD47BA2B260E34007D99BC /* EntityPlaceholder.swift */,
			);
			path = Entities;
			sourceTree = "<group>";
		};
		17AD47852B24501E007D99BC /* Flow */ = {
			isa = PBXGroup;
			children = (
				17AD47652B244BE8007D99BC /* AppDelegate.swift */,
				17AD47672B244BE8007D99BC /* SceneDelegate.swift */,
				17AD47A42B248EB2007D99BC /* Coordinator */,
			);
			path = Flow;
			sourceTree = "<group>";
		};
		17AD47862B24502D007D99BC /* Modules */ = {
			isa = PBXGroup;
			children = (
				17AD479A2B2460CE007D99BC /* DetailViewController */,
				17AD477D2B244ED3007D99BC /* FavoritesViewController */,
				17AD477C2B244EB4007D99BC /* FeedViewController */,
			);
			path = Modules;
			sourceTree = "<group>";
		};
		17AD47882B245114007D99BC /* BaseComponents */ = {
			isa = PBXGroup;
			children = (
				17AD47892B245130007D99BC /* BaseViewController.swift */,
				17AD47902B24526E007D99BC /* BaseTableViewCell.swift */,
			);
			path = BaseComponents;
			sourceTree = "<group>";
		};
		17AD478B2B245228007D99BC /* FeedTableViewCell */ = {
			isa = PBXGroup;
			children = (
				17AD478C2B245246007D99BC /* FeedTableViewCell.swift */,
				17AD47A22B246736007D99BC /* FeedTableViewModel.swift */,
				17AD478E2B24524D007D99BC /* FeedTableViewCell.xib */,
			);
			path = FeedTableViewCell;
			sourceTree = "<group>";
		};
		17AD479A2B2460CE007D99BC /* DetailViewController */ = {
			isa = PBXGroup;
			children = (
				17AD479B2B2460FC007D99BC /* DetailViewController.swift */,
				17AD479F2B24611F007D99BC /* DetailViewModel.swift */,
				17AD479D2B246106007D99BC /* DetailViewController.xib */,
			);
			path = DetailViewController;
			sourceTree = "<group>";
		};
		17AD47A12B24612A007D99BC /* Network */ = {
			isa = PBXGroup;
			children = (
				17AD47AC2B256510007D99BC /* RequestManager.swift */,
				17AD47AE2B256716007D99BC /* NetworkError.swift */,
			);
			path = Network;
			sourceTree = "<group>";
		};
		17AD47A42B248EB2007D99BC /* Coordinator */ = {
			isa = PBXGroup;
			children = (
				17AD47A52B248EC2007D99BC /* Coordinator.swift */,
				17AD47A82B248F53007D99BC /* DetailCoordinator.swift */,
				17AD47AA2B24D34F007D99BC /* BackRouting.swift */,
			);
			path = Coordinator;
			sourceTree = "<group>";
		};
		17AD47B02B256E07007D99BC /* Extensions */ = {
			isa = PBXGroup;
			children = (
				17AD47B12B256E1E007D99BC /* UIViewControllerExtension.swift */,
			);
			path = Extensions;
			sourceTree = "<group>";
		};
		17AD47B32B25A850007D99BC /* DataManager */ = {
			isa = PBXGroup;
			children = (
				17AD47B42B25A8B7007D99BC /* StorageManager.swift */,
				17AD47B62B25A9BA007D99BC /* FeedRealmEntity.swift */,
				17AD47B82B25AC1F007D99BC /* FeedRealmRepository.swift */,
			);
			path = DataManager;
			sourceTree = "<group>";
		};
		65E981FD0273E972106E8B0E /* Pods */ = {
			isa = PBXGroup;
			children = (
				9FCD07FB23DC46D978C347D7 /* Pods-NewsTest.debug.xcconfig */,
				8D845669990E819154127737 /* Pods-NewsTest.release.xcconfig */,
			);
			path = Pods;
			sourceTree = "<group>";
		};
		B96884ABD303D91FB65BD758 /* Frameworks */ = {
			isa = PBXGroup;
			children = (
				D990AF31734EF2588622F14D /* Pods_NewsTest.framework */,
			);
			name = Frameworks;
			sourceTree = "<group>";
		};
/* End PBXGroup section */

/* Begin PBXNativeTarget section */
		17AD47612B244BE8007D99BC /* NewsTest */ = {
			isa = PBXNativeTarget;
			buildConfigurationList = 17AD47762B244BEE007D99BC /* Build configuration list for PBXNativeTarget "NewsTest" */;
			buildPhases = (
				44B1614F344FB94071ECA286 /* [CP] Check Pods Manifest.lock */,
				17AD475E2B244BE8007D99BC /* Sources */,
				17AD475F2B244BE8007D99BC /* Frameworks */,
				17AD47602B244BE8007D99BC /* Resources */,
				C8B039BF71022FA06A460631 /* [CP] Embed Pods Frameworks */,
			);
			buildRules = (
			);
			dependencies = (
			);
			name = NewsTest;
			productName = NewsTest;
			productReference = 17AD47622B244BE8007D99BC /* NewsTest.app */;
			productType = "com.apple.product-type.application";
		};
/* End PBXNativeTarget section */

/* Begin PBXProject section */
		17AD475A2B244BE8007D99BC /* Project object */ = {
			isa = PBXProject;
			attributes = {
				BuildIndependentTargetsInParallel = 1;
				LastSwiftUpdateCheck = 1500;
				LastUpgradeCheck = 1500;
				TargetAttributes = {
					17AD47612B244BE8007D99BC = {
						CreatedOnToolsVersion = 15.0;
					};
				};
			};
			buildConfigurationList = 17AD475D2B244BE8007D99BC /* Build configuration list for PBXProject "NewsTest" */;
			compatibilityVersion = "Xcode 14.0";
			developmentRegion = en;
			hasScannedForEncodings = 0;
			knownRegions = (
				en,
				Base,
			);
			mainGroup = 17AD47592B244BE8007D99BC;
			productRefGroup = 17AD47632B244BE8007D99BC /* Products */;
			projectDirPath = "";
			projectRoot = "";
			targets = (
				17AD47612B244BE8007D99BC /* NewsTest */,
			);
		};
/* End PBXProject section */

/* Begin PBXResourcesBuildPhase section */
		17AD47602B244BE8007D99BC /* Resources */ = {
			isa = PBXResourcesBuildPhase;
			buildActionMask = 2147483647;
			files = (
				17AD47722B244BEE007D99BC /* LaunchScreen.storyboard in Resources */,
				17AD479E2B246106007D99BC /* DetailViewController.xib in Resources */,
				17AD478F2B24524D007D99BC /* FeedTableViewCell.xib in Resources */,
				17AD47832B244FCE007D99BC /* FeedViewController.xib in Resources */,
				17AD47972B2456AC007D99BC /* FavoritesViewController.xib in Resources */,
				17AD476F2B244BEE007D99BC /* Assets.xcassets in Resources */,
			);
			runOnlyForDeploymentPostprocessing = 0;
		};
/* End PBXResourcesBuildPhase section */

/* Begin PBXShellScriptBuildPhase section */
		44B1614F344FB94071ECA286 /* [CP] Check Pods Manifest.lock */ = {
			isa = PBXShellScriptBuildPhase;
			buildActionMask = 2147483647;
			files = (
			);
			inputFileListPaths = (
			);
			inputPaths = (
				"${PODS_PODFILE_DIR_PATH}/Podfile.lock",
				"${PODS_ROOT}/Manifest.lock",
			);
			name = "[CP] Check Pods Manifest.lock";
			outputFileListPaths = (
			);
			outputPaths = (
				"$(DERIVED_FILE_DIR)/Pods-NewsTest-checkManifestLockResult.txt",
			);
			runOnlyForDeploymentPostprocessing = 0;
			shellPath = /bin/sh;
			shellScript = "diff \"${PODS_PODFILE_DIR_PATH}/Podfile.lock\" \"${PODS_ROOT}/Manifest.lock\" > /dev/null\nif [ $? != 0 ] ; then\n    # print error to STDERR\n    echo \"error: The sandbox is not in sync with the Podfile.lock. Run 'pod install' or update your CocoaPods installation.\" >&2\n    exit 1\nfi\n# This output is used by Xcode 'outputs' to avoid re-running this script phase.\necho \"SUCCESS\" > \"${SCRIPT_OUTPUT_FILE_0}\"\n";
			showEnvVarsInLog = 0;
		};
		C8B039BF71022FA06A460631 /* [CP] Embed Pods Frameworks */ = {
			isa = PBXShellScriptBuildPhase;
			buildActionMask = 2147483647;
			files = (
			);
			inputFileListPaths = (
				"${PODS_ROOT}/Target Support Files/Pods-NewsTest/Pods-NewsTest-frameworks-${CONFIGURATION}-input-files.xcfilelist",
			);
			name = "[CP] Embed Pods Frameworks";
			outputFileListPaths = (
				"${PODS_ROOT}/Target Support Files/Pods-NewsTest/Pods-NewsTest-frameworks-${CONFIGURATION}-output-files.xcfilelist",
			);
			runOnlyForDeploymentPostprocessing = 0;
			shellPath = /bin/sh;
			shellScript = "\"${PODS_ROOT}/Target Support Files/Pods-NewsTest/Pods-NewsTest-frameworks.sh\"\n";
			showEnvVarsInLog = 0;
		};
/* End PBXShellScriptBuildPhase section */

/* Begin PBXSourcesBuildPhase section */
		17AD475E2B244BE8007D99BC /* Sources */ = {
			isa = PBXSourcesBuildPhase;
			buildActionMask = 2147483647;
			files = (
				17AD47912B24526E007D99BC /* BaseTableViewCell.swift in Sources */,
				17AD47992B2460B1007D99BC /* FavoritesViewModel.swift in Sources */,
				17AD47BB2B260E35007D99BC /* EntityPlaceholder.swift in Sources */,
				17AD47B72B25A9BA007D99BC /* FeedRealmEntity.swift in Sources */,
				17AD47A62B248EC2007D99BC /* Coordinator.swift in Sources */,
				17AD47B52B25A8B7007D99BC /* StorageManager.swift in Sources */,
				17AD47932B245503007D99BC /* Feed.swift in Sources */,
				17AD479C2B2460FC007D99BC /* DetailViewController.swift in Sources */,
				17AD47812B244FC2007D99BC /* FeedViewModel.swift in Sources */,
				17AD47A32B246736007D99BC /* FeedTableViewModel.swift in Sources */,
				17AD47662B244BE8007D99BC /* AppDelegate.swift in Sources */,
				17AD478D2B245246007D99BC /* FeedTableViewCell.swift in Sources */,
				17AD47A92B248F53007D99BC /* DetailCoordinator.swift in Sources */,
				17AD47682B244BE8007D99BC /* SceneDelegate.swift in Sources */,
				17AD477F2B244FB7007D99BC /* FeedViewController.swift in Sources */,
				17AD47B22B256E1E007D99BC /* UIViewControllerExtension.swift in Sources */,
				17AD47B92B25AC1F007D99BC /* FeedRealmRepository.swift in Sources */,
				17AD47AB2B24D34F007D99BC /* BackRouting.swift in Sources */,
				17AD47A02B24611F007D99BC /* DetailViewModel.swift in Sources */,
				17AD477B2B244D17007D99BC /* CustomTabBarViewController.swift in Sources */,
				17AD47AD2B256510007D99BC /* RequestManager.swift in Sources */,
				17AD47952B2456A5007D99BC /* FavoritesViewController.swift in Sources */,
				17AD478A2B245130007D99BC /* BaseViewController.swift in Sources */,
				17AD47AF2B256716007D99BC /* NetworkError.swift in Sources */,
			);
			runOnlyForDeploymentPostprocessing = 0;
		};
/* End PBXSourcesBuildPhase section */

/* Begin PBXVariantGroup section */
		17AD47702B244BEE007D99BC /* LaunchScreen.storyboard */ = {
			isa = PBXVariantGroup;
			children = (
				17AD47712B244BEE007D99BC /* Base */,
			);
			name = LaunchScreen.storyboard;
			sourceTree = "<group>";
		};
/* End PBXVariantGroup section */

/* Begin XCBuildConfiguration section */
		17AD47742B244BEE007D99BC /* Debug */ = {
			isa = XCBuildConfiguration;
			buildSettings = {
				ALWAYS_SEARCH_USER_PATHS = NO;
				ASSETCATALOG_COMPILER_GENERATE_SWIFT_ASSET_SYMBOL_EXTENSIONS = YES;
				CLANG_ANALYZER_NONNULL = YES;
				CLANG_ANALYZER_NUMBER_OBJECT_CONVERSION = YES_AGGRESSIVE;
				CLANG_CXX_LANGUAGE_STANDARD = "gnu++20";
				CLANG_ENABLE_MODULES = YES;
				CLANG_ENABLE_OBJC_ARC = YES;
				CLANG_ENABLE_OBJC_WEAK = YES;
				CLANG_WARN_BLOCK_CAPTURE_AUTORELEASING = YES;
				CLANG_WARN_BOOL_CONVERSION = YES;
				CLANG_WARN_COMMA = YES;
				CLANG_WARN_CONSTANT_CONVERSION = YES;
				CLANG_WARN_DEPRECATED_OBJC_IMPLEMENTATIONS = YES;
				CLANG_WARN_DIRECT_OBJC_ISA_USAGE = YES_ERROR;
				CLANG_WARN_DOCUMENTATION_COMMENTS = YES;
				CLANG_WARN_EMPTY_BODY = YES;
				CLANG_WARN_ENUM_CONVERSION = YES;
				CLANG_WARN_INFINITE_RECURSION = YES;
				CLANG_WARN_INT_CONVERSION = YES;
				CLANG_WARN_NON_LITERAL_NULL_CONVERSION = YES;
				CLANG_WARN_OBJC_IMPLICIT_RETAIN_SELF = YES;
				CLANG_WARN_OBJC_LITERAL_CONVERSION = YES;
				CLANG_WARN_OBJC_ROOT_CLASS = YES_ERROR;
				CLANG_WARN_QUOTED_INCLUDE_IN_FRAMEWORK_HEADER = YES;
				CLANG_WARN_RANGE_LOOP_ANALYSIS = YES;
				CLANG_WARN_STRICT_PROTOTYPES = YES;
				CLANG_WARN_SUSPICIOUS_MOVE = YES;
				CLANG_WARN_UNGUARDED_AVAILABILITY = YES_AGGRESSIVE;
				CLANG_WARN_UNREACHABLE_CODE = YES;
				CLANG_WARN__DUPLICATE_METHOD_MATCH = YES;
				COPY_PHASE_STRIP = NO;
				DEBUG_INFORMATION_FORMAT = dwarf;
				ENABLE_STRICT_OBJC_MSGSEND = YES;
				ENABLE_TESTABILITY = YES;
				ENABLE_USER_SCRIPT_SANDBOXING = YES;
				GCC_C_LANGUAGE_STANDARD = gnu17;
				GCC_DYNAMIC_NO_PIC = NO;
				GCC_NO_COMMON_BLOCKS = YES;
				GCC_OPTIMIZATION_LEVEL = 0;
				GCC_PREPROCESSOR_DEFINITIONS = (
					"DEBUG=1",
					"$(inherited)",
				);
				GCC_WARN_64_TO_32_BIT_CONVERSION = YES;
				GCC_WARN_ABOUT_RETURN_TYPE = YES_ERROR;
				GCC_WARN_UNDECLARED_SELECTOR = YES;
				GCC_WARN_UNINITIALIZED_AUTOS = YES_AGGRESSIVE;
				GCC_WARN_UNUSED_FUNCTION = YES;
				GCC_WARN_UNUSED_VARIABLE = YES;
				IPHONEOS_DEPLOYMENT_TARGET = 17.0;
				LOCALIZATION_PREFERS_STRING_CATALOGS = YES;
				MTL_ENABLE_DEBUG_INFO = INCLUDE_SOURCE;
				MTL_FAST_MATH = YES;
				ONLY_ACTIVE_ARCH = YES;
				SDKROOT = iphoneos;
				SWIFT_ACTIVE_COMPILATION_CONDITIONS = "DEBUG $(inherited)";
				SWIFT_OPTIMIZATION_LEVEL = "-Onone";
			};
			name = Debug;
		};
		17AD47752B244BEE007D99BC /* Release */ = {
			isa = XCBuildConfiguration;
			buildSettings = {
				ALWAYS_SEARCH_USER_PATHS = NO;
				ASSETCATALOG_COMPILER_GENERATE_SWIFT_ASSET_SYMBOL_EXTENSIONS = YES;
				CLANG_ANALYZER_NONNULL = YES;
				CLANG_ANALYZER_NUMBER_OBJECT_CONVERSION = YES_AGGRESSIVE;
				CLANG_CXX_LANGUAGE_STANDARD = "gnu++20";
				CLANG_ENABLE_MODULES = YES;
				CLANG_ENABLE_OBJC_ARC = YES;
				CLANG_ENABLE_OBJC_WEAK = YES;
				CLANG_WARN_BLOCK_CAPTURE_AUTORELEASING = YES;
				CLANG_WARN_BOOL_CONVERSION = YES;
				CLANG_WARN_COMMA = YES;
				CLANG_WARN_CONSTANT_CONVERSION = YES;
				CLANG_WARN_DEPRECATED_OBJC_IMPLEMENTATIONS = YES;
				CLANG_WARN_DIRECT_OBJC_ISA_USAGE = YES_ERROR;
				CLANG_WARN_DOCUMENTATION_COMMENTS = YES;
				CLANG_WARN_EMPTY_BODY = YES;
				CLANG_WARN_ENUM_CONVERSION = YES;
				CLANG_WARN_INFINITE_RECURSION = YES;
				CLANG_WARN_INT_CONVERSION = YES;
				CLANG_WARN_NON_LITERAL_NULL_CONVERSION = YES;
				CLANG_WARN_OBJC_IMPLICIT_RETAIN_SELF = YES;
				CLANG_WARN_OBJC_LITERAL_CONVERSION = YES;
				CLANG_WARN_OBJC_ROOT_CLASS = YES_ERROR;
				CLANG_WARN_QUOTED_INCLUDE_IN_FRAMEWORK_HEADER = YES;
				CLANG_WARN_RANGE_LOOP_ANALYSIS = YES;
				CLANG_WARN_STRICT_PROTOTYPES = YES;
				CLANG_WARN_SUSPICIOUS_MOVE = YES;
				CLANG_WARN_UNGUARDED_AVAILABILITY = YES_AGGRESSIVE;
				CLANG_WARN_UNREACHABLE_CODE = YES;
				CLANG_WARN__DUPLICATE_METHOD_MATCH = YES;
				COPY_PHASE_STRIP = NO;
				DEBUG_INFORMATION_FORMAT = "dwarf-with-dsym";
				ENABLE_NS_ASSERTIONS = NO;
				ENABLE_STRICT_OBJC_MSGSEND = YES;
				ENABLE_USER_SCRIPT_SANDBOXING = YES;
				GCC_C_LANGUAGE_STANDARD = gnu17;
				GCC_NO_COMMON_BLOCKS = YES;
				GCC_WARN_64_TO_32_BIT_CONVERSION = YES;
				GCC_WARN_ABOUT_RETURN_TYPE = YES_ERROR;
				GCC_WARN_UNDECLARED_SELECTOR = YES;
				GCC_WARN_UNINITIALIZED_AUTOS = YES_AGGRESSIVE;
				GCC_WARN_UNUSED_FUNCTION = YES;
				GCC_WARN_UNUSED_VARIABLE = YES;
				IPHONEOS_DEPLOYMENT_TARGET = 17.0;
				LOCALIZATION_PREFERS_STRING_CATALOGS = YES;
				MTL_ENABLE_DEBUG_INFO = NO;
				MTL_FAST_MATH = YES;
				SDKROOT = iphoneos;
				SWIFT_COMPILATION_MODE = wholemodule;
				VALIDATE_PRODUCT = YES;
			};
			name = Release;
		};
		17AD47772B244BEE007D99BC /* Debug */ = {
			isa = XCBuildConfiguration;
			baseConfigurationReference = 9FCD07FB23DC46D978C347D7 /* Pods-NewsTest.debug.xcconfig */;
			buildSettings = {
				ASSETCATALOG_COMPILER_APPICON_NAME = AppIcon;
				ASSETCATALOG_COMPILER_GLOBAL_ACCENT_COLOR_NAME = AccentColor;
				CODE_SIGN_STYLE = Automatic;
				CURRENT_PROJECT_VERSION = 1;
				DEVELOPMENT_TEAM = M942N4BF5Y;
				ENABLE_USER_SCRIPT_SANDBOXING = NO;
				GENERATE_INFOPLIST_FILE = YES;
				INFOPLIST_FILE = NewsTest/Info.plist;
				INFOPLIST_KEY_UIApplicationSupportsIndirectInputEvents = YES;
				INFOPLIST_KEY_UILaunchStoryboardName = LaunchScreen;
				INFOPLIST_KEY_UISupportedInterfaceOrientations = UIInterfaceOrientationPortrait;
				IPHONEOS_DEPLOYMENT_TARGET = 16.0;
				LD_RUNPATH_SEARCH_PATHS = (
					"$(inherited)",
					"@executable_path/Frameworks",
				);
				MARKETING_VERSION = 1.0;
				PRODUCT_BUNDLE_IDENTIFIER = NewsList.NewsTest;
				PRODUCT_NAME = "$(TARGET_NAME)";
				SWIFT_EMIT_LOC_STRINGS = YES;
				SWIFT_VERSION = 5.0;
				TARGETED_DEVICE_FAMILY = "1,2";
			};
			name = Debug;
		};
		17AD47782B244BEE007D99BC /* Release */ = {
			isa = XCBuildConfiguration;
			baseConfigurationReference = 8D845669990E819154127737 /* Pods-NewsTest.release.xcconfig */;
			buildSettings = {
				ASSETCATALOG_COMPILER_APPICON_NAME = AppIcon;
				ASSETCATALOG_COMPILER_GLOBAL_ACCENT_COLOR_NAME = AccentColor;
				CODE_SIGN_STYLE = Automatic;
				CURRENT_PROJECT_VERSION = 1;
				DEVELOPMENT_TEAM = M942N4BF5Y;
				ENABLE_USER_SCRIPT_SANDBOXING = NO;
				GENERATE_INFOPLIST_FILE = YES;
				INFOPLIST_FILE = NewsTest/Info.plist;
				INFOPLIST_KEY_UIApplicationSupportsIndirectInputEvents = YES;
				INFOPLIST_KEY_UILaunchStoryboardName = LaunchScreen;
				INFOPLIST_KEY_UISupportedInterfaceOrientations = UIInterfaceOrientationPortrait;
				IPHONEOS_DEPLOYMENT_TARGET = 16.0;
				LD_RUNPATH_SEARCH_PATHS = (
					"$(inherited)",
					"@executable_path/Frameworks",
				);
				MARKETING_VERSION = 1.0;
				PRODUCT_BUNDLE_IDENTIFIER = NewsList.NewsTest;
				PRODUCT_NAME = "$(TARGET_NAME)";
				SWIFT_EMIT_LOC_STRINGS = YES;
				SWIFT_VERSION = 5.0;
				TARGETED_DEVICE_FAMILY = "1,2";
			};
			name = Release;
		};
/* End XCBuildConfiguration section */

/* Begin XCConfigurationList section */
		17AD475D2B244BE8007D99BC /* Build configuration list for PBXProject "NewsTest" */ = {
			isa = XCConfigurationList;
			buildConfigurations = (
				17AD47742B244BEE007D99BC /* Debug */,
				17AD47752B244BEE007D99BC /* Release */,
			);
			defaultConfigurationIsVisible = 0;
			defaultConfigurationName = Release;
		};
		17AD47762B244BEE007D99BC /* Build configuration list for PBXNativeTarget "NewsTest" */ = {
			isa = XCConfigurationList;
			buildConfigurations = (
				17AD47772B244BEE007D99BC /* Debug */,
				17AD47782B244BEE007D99BC /* Release */,
			);
			defaultConfigurationIsVisible = 0;
			defaultConfigurationName = Release;
		};
/* End XCConfigurationList section */
	};
	rootObject = 17AD475A2B244BE8007D99BC /* Project object */;
}
